
Microsoft Visual Studio Solution File, Format Version 12.00
# Visual Studio 14
VisualStudioVersion = 14.0.25420.1
MinimumVisualStudioVersion = 10.0.40219.1
Project("{FAE04EC0-301F-11D3-BF4B-00C04F79EFBC}") = "University", "University\University.csproj", "{A69B8E52-2FCA-4410-B4E4-64B4704310E1}"
EndProject
Project("{FAE04EC0-301F-11D3-BF4B-00C04F79EFBC}") = "DAL", "DAL\DAL.csproj", "{C362AFFE-7D43-4F8B-875B-5C0B046CBC69}"
EndProject
Project("{FAE04EC0-301F-11D3-BF4B-00C04F79EFBC}") = "Model", "Model\Model.csproj", "{5C71F157-AD76-4FD8-9976-1D9F88B705E1}"
EndProject
Project("{FAE04EC0-301F-11D3-BF4B-00C04F79EFBC}") = "AspNetPager", "AspNetPager\AspNetPager.csproj", "{66306F5B-FCDA-44D8-818C-AC521B12AD6B}"
EndProject
Global
	GlobalSection(SolutionConfigurationPlatforms) = preSolution
		Debug|Any CPU = Debug|Any CPU
		Release|Any CPU = Release|Any CPU
	EndGlobalSection
	GlobalSection(ProjectConfigurationPlatforms) = postSolution
		{A69B8E52-2FCA-4410-B4E4-64B4704310E1}.Debug|Any CPU.ActiveCfg = Debug|Any CPU
		{A69B8E52-2FCA-4410-B4E4-64B4704310E1}.Debug|Any CPU.Build.0 = Debug|Any CPU
		{A69B8E52-2FCA-4410-B4E4-64B4704310E1}.Release|Any CPU.ActiveCfg = Release|Any CPU
		{A69B8E52-2FCA-4410-B4E4-64B4704310E1}.Release|Any CPU.Build.0 = Release|Any CPU
		{C362AFFE-7D43-4F8B-875B-5C0B046CBC69}.Debug|Any CPU.ActiveCfg = Debug|Any CPU
		{C362AFFE-7D43-4F8B-875B-5C0B046CBC69}.Debug|Any CPU.Build.0 = Debug|Any CPU
		{C362AFFE-7D43-4F8B-875B-5C0B046CBC69}.Release|Any CPU.ActiveCfg = Release|Any CPU
		{C362AFFE-7D43-4F8B-875B-5C0B046CBC69}.Release|Any CPU.Build.0 = Release|Any CPU
		{5C71F157-AD76-4FD8-9976-1D9F88B705E1}.Debug|Any CPU.ActiveCfg = Debug|Any CPU
		{5C71F157-AD76-4FD8-9976-1D9F88B705E1}.Debug|Any CPU.Build.0 = Debug|Any CPU
		{5C71F157-AD76-4FD8-9976-1D9F88B705E1}.Release|Any CPU.ActiveCfg = Release|Any CPU
		{5C71F157-AD76-4FD8-9976-1D9F88B705E1}.Release|Any CPU.Build.0 = Release|Any CPU
		{66306F5B-FCDA-44D8-818C-AC521B12AD6B}.Debug|Any CPU.ActiveCfg = Debug|Any CPU
		{66306F5B-FCDA-44D8-818C-AC521B12AD6B}.Debug|Any CPU.Build.0 = Debug|Any CPU
		{66306F5B-FCDA-44D8-818C-AC521B12AD6B}.Release|Any CPU.ActiveCfg = Release|Any CPU
		{66306F5B-FCDA-44D8-818C-AC521B12AD6B}.Release|Any CPU.Build.0 = Release|Any CPU
	EndGlobalSection
	GlobalSection(SolutionProperties) = preSolution
		HideSolutionNode = FALSE
	EndGlobalSection
EndGlobal
